
Microsoft Visual Studio Solution File, Format Version 12.00
# Visual Studio Version 17
VisualStudioVersion = 17.9.34714.143
MinimumVisualStudioVersion = 10.0.40219.1
Project("{9A19103F-16F7-4668-BE54-9A1E7A4F7556}") = "Metody", "Metody\Metody.csproj", "{D6455A97-1D76-4840-8FB6-D609B59CF65D}"
EndProject
Project("{FAE04EC0-301F-11D3-BF4B-00C04F79EFBC}") = "Metody.Tests", "Metody.Tests\Metody.Tests.csproj", "{02C1A462-123E-4D07-B3BE-9E576FB36B9D}"
EndProject
Global
	GlobalSection(SolutionConfigurationPlatforms) = preSolution
		Debug|Any CPU = Debug|Any CPU
		Release|Any CPU = Release|Any CPU
	EndGlobalSection
	GlobalSection(ProjectConfigurationPlatforms) = postSolution
		{D6455A97-1D76-4840-8FB6-D609B59CF65D}.Debug|Any CPU.ActiveCfg = Debug|Any CPU
		{D6455A97-1D76-4840-8FB6-D609B59CF65D}.Debug|Any CPU.Build.0 = Debug|Any CPU
		{D6455A97-1D76-4840-8FB6-D609B59CF65D}.Release|Any CPU.ActiveCfg = Release|Any CPU
		{D6455A97-1D76-4840-8FB6-D609B59CF65D}.Release|Any CPU.Build.0 = Release|Any CPU
		{02C1A462-123E-4D07-B3BE-9E576FB36B9D}.Debug|Any CPU.ActiveCfg = Debug|Any CPU
		{02C1A462-123E-4D07-B3BE-9E576FB36B9D}.Debug|Any CPU.Build.0 = Debug|Any CPU
		{02C1A462-123E-4D07-B3BE-9E576FB36B9D}.Release|Any CPU.ActiveCfg = Release|Any CPU
		{02C1A462-123E-4D07-B3BE-9E576FB36B9D}.Release|Any CPU.Build.0 = Release|Any CPU
	EndGlobalSection
	GlobalSection(SolutionProperties) = preSolution
		HideSolutionNode = FALSE
	EndGlobalSection
	GlobalSection(ExtensibilityGlobals) = postSolution
		SolutionGuid = {048E2FC0-BDD2-440A-BC78-4E56774C53C3}
	EndGlobalSection
EndGlobal
