
Microsoft Visual Studio Solution File, Format Version 12.00
# Visual Studio Version 17
VisualStudioVersion = 17.9.34714.143
MinimumVisualStudioVersion = 10.0.40219.1
Project("{FAE04EC0-301F-11D3-BF4B-00C04F79EFBC}") = "Pola w Klasach", "Pola w Klasach\Pola w Klasach.csproj", "{50E244B8-86AB-44C0-92D6-6DB49B5E8978}"
EndProject
Global
	GlobalSection(SolutionConfigurationPlatforms) = preSolution
		Debug|Any CPU = Debug|Any CPU
		Release|Any CPU = Release|Any CPU
	EndGlobalSection
	GlobalSection(ProjectConfigurationPlatforms) = postSolution
		{50E244B8-86AB-44C0-92D6-6DB49B5E8978}.Debug|Any CPU.ActiveCfg = Debug|Any CPU
		{50E244B8-86AB-44C0-92D6-6DB49B5E8978}.Debug|Any CPU.Build.0 = Debug|Any CPU
		{50E244B8-86AB-44C0-92D6-6DB49B5E8978}.Release|Any CPU.ActiveCfg = Release|Any CPU
		{50E244B8-86AB-44C0-92D6-6DB49B5E8978}.Release|Any CPU.Build.0 = Release|Any CPU
	EndGlobalSection
	GlobalSection(SolutionProperties) = preSolution
		HideSolutionNode = FALSE
	EndGlobalSection
	GlobalSection(ExtensibilityGlobals) = postSolution
		SolutionGuid = {2FE8DC63-27D2-4FFF-A16A-4B9477641C9E}
	EndGlobalSection
EndGlobal
