
Microsoft Visual Studio Solution File, Format Version 12.00
# Visual Studio Version 17
VisualStudioVersion = 17.9.34714.143
MinimumVisualStudioVersion = 10.0.40219.1
Project("{FAE04EC0-301F-11D3-BF4B-00C04F79EFBC}") = "Excel open", "Excel open\Excel open.csproj", "{B3A1A316-5A62-4A5A-B6DE-373722FE717C}"
EndProject
Global
	GlobalSection(SolutionConfigurationPlatforms) = preSolution
		Debug|Any CPU = Debug|Any CPU
		Release|Any CPU = Release|Any CPU
	EndGlobalSection
	GlobalSection(ProjectConfigurationPlatforms) = postSolution
		{B3A1A316-5A62-4A5A-B6DE-373722FE717C}.Debug|Any CPU.ActiveCfg = Debug|Any CPU
		{B3A1A316-5A62-4A5A-B6DE-373722FE717C}.Debug|Any CPU.Build.0 = Debug|Any CPU
		{B3A1A316-5A62-4A5A-B6DE-373722FE717C}.Release|Any CPU.ActiveCfg = Release|Any CPU
		{B3A1A316-5A62-4A5A-B6DE-373722FE717C}.Release|Any CPU.Build.0 = Release|Any CPU
	EndGlobalSection
	GlobalSection(SolutionProperties) = preSolution
		HideSolutionNode = FALSE
	EndGlobalSection
	GlobalSection(ExtensibilityGlobals) = postSolution
		SolutionGuid = {6CBD451A-D3D3-4256-B53B-44DF31770324}
	EndGlobalSection
EndGlobal
